PODS:
  - LookinServer (1.0.4)
  - SnapKit (4.0.1)
  - SQLite.swift (0.13.0):
    - SQLite.swift/standard (= 0.13.0)
  - SQLite.swift/standard (0.13.0)

DEPENDENCIES:
  - LookinServer
  - SnapKit (~> 4.0.0)
  - SQLite.swift

SPEC REPOS:
  trunk:
    - LookinServer
    - SnapKit
    - SQLite.swift

SPEC CHECKSUMS:
  LookinServer: 743c1681771d0a8dcc38825325a080c3186404a5
  SnapKit: 0de968a9fec17499afa29683b05d0c775b6d1c29
  SQLite.swift: 8add701609fd0ef78d097dcc75d20a9782e6f5fc

PODFILE CHECKSUM: e9ba421d20e0b2838aaae5a2eae8630ac0b6640b

COCOAPODS: 1.11.2
